// !$*UTF8*$!
{
	archiveVersion = 1;
	classes = {
	};
	objectVersion = 50;
	objects = {

/* Begin PBXBuildFile section */
		8E007B3A23F4B2E800D6DC2A /* main.swift in Sources */ = {isa = PBXBuildFile; fileRef = 8E007B3923F4B2E800D6DC2A /* main.swift */; };
		8E007B4323F4B92B00D6DC2A /* DisplayDelegate.swift in Sources */ = {isa = PBXBuildFile; fileRef = 8E007B4223F4B92B00D6DC2A /* DisplayDelegate.swift */; };
		8E3E094C24019CFE0054818B /* Int+Extension.swift in Sources */ = {isa = PBXBuildFile; fileRef = 8E3E094B24019CFE0054818B /* Int+Extension.swift */; };
		9B214B9023FF4E62003CFFF2 /* DataRepo.swift in Sources */ = {isa = PBXBuildFile; fileRef = 9B214B8F23FF4E62003CFFF2 /* DataRepo.swift */; };
		9B214B9323FF4F4F003CFFF2 /* String+Extension.swift in Sources */ = {isa = PBXBuildFile; fileRef = 9B214B9223FF4F4F003CFFF2 /* String+Extension.swift */; };
		9B79369723F4B4CF00DCB86B /* Person.swift in Sources */ = {isa = PBXBuildFile; fileRef = 9B79369623F4B4CF00DCB86B /* Person.swift */; };
		9B79369A23F4B54500DCB86B /* Enum.swift in Sources */ = {isa = PBXBuildFile; fileRef = 9B79369923F4B54500DCB86B /* Enum.swift */; };
		9B79369C23F4B6DF00DCB86B /* Customer.swift in Sources */ = {isa = PBXBuildFile; fileRef = 9B79369B23F4B6DF00DCB86B /* Customer.swift */; };
		9B79369E23F4B80400DCB86B /* Owner.swift in Sources */ = {isa = PBXBuildFile; fileRef = 9B79369D23F4B80400DCB86B /* Owner.swift */; };
		9B7936A023F4BB5A00DCB86B /* Driver.swift in Sources */ = {isa = PBXBuildFile; fileRef = 9B79369F23F4BB5A00DCB86B /* Driver.swift */; };
		9B7936A223F4BFB100DCB86B /* Vehicle.swift in Sources */ = {isa = PBXBuildFile; fileRef = 9B7936A123F4BFB100DCB86B /* Vehicle.swift */; };
		9B7936A423F4C01000DCB86B /* Car.swift in Sources */ = {isa = PBXBuildFile; fileRef = 9B7936A323F4C01000DCB86B /* Car.swift */; };
		9B7936A623F4C0A800DCB86B /* Motorcycle.swift in Sources */ = {isa = PBXBuildFile; fileRef = 9B7936A523F4C0A800DCB86B /* Motorcycle.swift */; };
		9B7936A823F4C0E800DCB86B /* Bus.swift in Sources */ = {isa = PBXBuildFile; fileRef = 9B7936A723F4C0E800DCB86B /* Bus.swift */; };
/* End PBXBuildFile section */

/* Begin PBXCopyFilesBuildPhase section */
		8E007B3423F4B2E800D6DC2A /* CopyFiles */ = {
			isa = PBXCopyFilesBuildPhase;
			buildActionMask = 2147483647;
			dstPath = /usr/share/man/man1/;
			dstSubfolderSpec = 0;
			files = (
			);
			runOnlyForDeploymentPostprocessing = 1;
		};
/* End PBXCopyFilesBuildPhase section */

/* Begin PBXFileReference section */
		8E007B3623F4B2E800D6DC2A /* Group4_MAD3004_FinalProject */ = {isa = PBXFileReference; explicitFileType = "compiled.mach-o.executable"; includeInIndex = 0; path = Group4_MAD3004_FinalProject; sourceTree = BUILT_PRODUCTS_DIR; };
		8E007B3923F4B2E800D6DC2A /* main.swift */ = {isa = PBXFileReference; lastKnownFileType = sourcecode.swift; path = main.swift; sourceTree = "<group>"; };
		8E007B4223F4B92B00D6DC2A /* DisplayDelegate.swift */ = {isa = PBXFileReference; lastKnownFileType = sourcecode.swift; path = DisplayDelegate.swift; sourceTree = "<group>"; };
		8E3E094B24019CFE0054818B /* Int+Extension.swift */ = {isa = PBXFileReference; lastKnownFileType = sourcecode.swift; path = "Int+Extension.swift"; sourceTree = "<group>"; };
		9B214B8F23FF4E62003CFFF2 /* DataRepo.swift */ = {isa = PBXFileReference; lastKnownFileType = sourcecode.swift; path = DataRepo.swift; sourceTree = "<group>"; };
		9B214B9223FF4F4F003CFFF2 /* String+Extension.swift */ = {isa = PBXFileReference; lastKnownFileType = sourcecode.swift; path = "String+Extension.swift"; sourceTree = "<group>"; };
		9B79369623F4B4CF00DCB86B /* Person.swift */ = {isa = PBXFileReference; lastKnownFileType = sourcecode.swift; path = Person.swift; sourceTree = "<group>"; };
		9B79369923F4B54500DCB86B /* Enum.swift */ = {isa = PBXFileReference; lastKnownFileType = sourcecode.swift; path = Enum.swift; sourceTree = "<group>"; };
		9B79369B23F4B6DF00DCB86B /* Customer.swift */ = {isa = PBXFileReference; lastKnownFileType = sourcecode.swift; path = Customer.swift; sourceTree = "<group>"; };
		9B79369D23F4B80400DCB86B /* Owner.swift */ = {isa = PBXFileReference; lastKnownFileType = sourcecode.swift; path = Owner.swift; sourceTree = "<group>"; };
		9B79369F23F4BB5A00DCB86B /* Driver.swift */ = {isa = PBXFileReference; lastKnownFileType = sourcecode.swift; path = Driver.swift; sourceTree = "<group>"; };
		9B7936A123F4BFB100DCB86B /* Vehicle.swift */ = {isa = PBXFileReference; lastKnownFileType = sourcecode.swift; path = Vehicle.swift; sourceTree = "<group>"; };
		9B7936A323F4C01000DCB86B /* Car.swift */ = {isa = PBXFileReference; lastKnownFileType = sourcecode.swift; path = Car.swift; sourceTree = "<group>"; };
		9B7936A523F4C0A800DCB86B /* Motorcycle.swift */ = {isa = PBXFileReference; lastKnownFileType = sourcecode.swift; path = Motorcycle.swift; sourceTree = "<group>"; };
		9B7936A723F4C0E800DCB86B /* Bus.swift */ = {isa = PBXFileReference; lastKnownFileType = sourcecode.swift; path = Bus.swift; sourceTree = "<group>"; };
/* End PBXFileReference section */

/* Begin PBXFrameworksBuildPhase section */
		8E007B3323F4B2E800D6DC2A /* Frameworks */ = {
			isa = PBXFrameworksBuildPhase;
			buildActionMask = 2147483647;
			files = (
			);
			runOnlyForDeploymentPostprocessing = 0;
		};
/* End PBXFrameworksBuildPhase section */

/* Begin PBXGroup section */
		8E007B2D23F4B2E800D6DC2A = {
			isa = PBXGroup;
			children = (
				8E007B3823F4B2E800D6DC2A /* Group4_MAD3004_FinalProject */,
				8E007B3723F4B2E800D6DC2A /* Products */,
			);
			sourceTree = "<group>";
		};
		8E007B3723F4B2E800D6DC2A /* Products */ = {
			isa = PBXGroup;
			children = (
				8E007B3623F4B2E800D6DC2A /* Group4_MAD3004_FinalProject */,
			);
			name = Products;
			sourceTree = "<group>";
		};
		8E007B3823F4B2E800D6DC2A /* Group4_MAD3004_FinalProject */ = {
			isa = PBXGroup;
			children = (
				9B214B9123FF4EE3003CFFF2 /* Extensions */,
				9B79369823F4B53600DCB86B /* Enum */,
				8E007B3923F4B2E800D6DC2A /* main.swift */,
				9B214B8F23FF4E62003CFFF2 /* DataRepo.swift */,
				9B79369623F4B4CF00DCB86B /* Person.swift */,
				9B79369B23F4B6DF00DCB86B /* Customer.swift */,
				9B79369D23F4B80400DCB86B /* Owner.swift */,
				8E007B4223F4B92B00D6DC2A /* DisplayDelegate.swift */,
				9B79369F23F4BB5A00DCB86B /* Driver.swift */,
				9B7936A123F4BFB100DCB86B /* Vehicle.swift */,
				9B7936A323F4C01000DCB86B /* Car.swift */,
				9B7936A523F4C0A800DCB86B /* Motorcycle.swift */,
				9B7936A723F4C0E800DCB86B /* Bus.swift */,
			);
			path = Group4_MAD3004_FinalProject;
			sourceTree = "<group>";
		};
		9B214B9123FF4EE3003CFFF2 /* Extensions */ = {
			isa = PBXGroup;
			children = (
				9B214B9223FF4F4F003CFFF2 /* String+Extension.swift */,
				8E3E094B24019CFE0054818B /* Int+Extension.swift */,
			);
			path = Extensions;
			sourceTree = "<group>";
		};
		9B79369823F4B53600DCB86B /* Enum */ = {
			isa = PBXGroup;
			children = (
				9B79369923F4B54500DCB86B /* Enum.swift */,
			);
			path = Enum;
			sourceTree = "<group>";
		};
/* End PBXGroup section */

/* Begin PBXNativeTarget section */
		8E007B3523F4B2E800D6DC2A /* Group4_MAD3004_FinalProject */ = {
			isa = PBXNativeTarget;
			buildConfigurationList = 8E007B3D23F4B2E800D6DC2A /* Build configuration list for PBXNativeTarget "Group4_MAD3004_FinalProject" */;
			buildPhases = (
				8E007B3223F4B2E800D6DC2A /* Sources */,
				8E007B3323F4B2E800D6DC2A /* Frameworks */,
				8E007B3423F4B2E800D6DC2A /* CopyFiles */,
			);
			buildRules = (
			);
			dependencies = (
			);
			name = Group4_MAD3004_FinalProject;
			productName = Group4_MAD3004_FinalProject;
			productReference = 8E007B3623F4B2E800D6DC2A /* Group4_MAD3004_FinalProject */;
			productType = "com.apple.product-type.tool";
		};
/* End PBXNativeTarget section */

/* Begin PBXProject section */
		8E007B2E23F4B2E800D6DC2A /* Project object */ = {
			isa = PBXProject;
			attributes = {
				LastSwiftUpdateCheck = 1130;
				LastUpgradeCheck = 1130;
				ORGANIZATIONNAME = "Swift Project";
				TargetAttributes = {
					8E007B3523F4B2E800D6DC2A = {
						CreatedOnToolsVersion = 11.3.1;
					};
				};
			};
			buildConfigurationList = 8E007B3123F4B2E800D6DC2A /* Build configuration list for PBXProject "Group4_MAD3004_FinalProject" */;
			compatibilityVersion = "Xcode 9.3";
			developmentRegion = en;
			hasScannedForEncodings = 0;
			knownRegions = (
				en,
				Base,
			);
			mainGroup = 8E007B2D23F4B2E800D6DC2A;
			productRefGroup = 8E007B3723F4B2E800D6DC2A /* Products */;
			projectDirPath = "";
			projectRoot = "";
			targets = (
				8E007B3523F4B2E800D6DC2A /* Group4_MAD3004_FinalProject */,
			);
		};
/* End PBXProject section */

/* Begin PBXSourcesBuildPhase section */
		8E007B3223F4B2E800D6DC2A /* Sources */ = {
			isa = PBXSourcesBuildPhase;
			buildActionMask = 2147483647;
			files = (
				9B7936A823F4C0E800DCB86B /* Bus.swift in Sources */,
				9B7936A223F4BFB100DCB86B /* Vehicle.swift in Sources */,
				8E3E094C24019CFE0054818B /* Int+Extension.swift in Sources */,
				9B79369723F4B4CF00DCB86B /* Person.swift in Sources */,
				9B7936A023F4BB5A00DCB86B /* Driver.swift in Sources */,
				9B214B9023FF4E62003CFFF2 /* DataRepo.swift in Sources */,
				8E007B4323F4B92B00D6DC2A /* DisplayDelegate.swift in Sources */,
				8E007B3A23F4B2E800D6DC2A /* main.swift in Sources */,
				9B7936A423F4C01000DCB86B /* Car.swift in Sources */,
				9B7936A623F4C0A800DCB86B /* Motorcycle.swift in Sources */,
				9B79369A23F4B54500DCB86B /* Enum.swift in Sources */,
				9B214B9323FF4F4F003CFFF2 /* String+Extension.swift in Sources */,
				9B79369E23F4B80400DCB86B /* Owner.swift in Sources */,
				9B79369C23F4B6DF00DCB86B /* Customer.swift in Sources */,
			);
			runOnlyForDeploymentPostprocessing = 0;
		};
/* End PBXSourcesBuildPhase section */

/* Begin XCBuildConfiguration section */
		8E007B3B23F4B2E800D6DC2A /* Debug */ = {
			isa = XCBuildConfiguration;
			buildSettings = {
				ALWAYS_SEARCH_USER_PATHS = NO;
				CLANG_ANALYZER_NONNULL = YES;
				CLANG_ANALYZER_NUMBER_OBJECT_CONVERSION = YES_AGGRESSIVE;
				CLANG_CXX_LANGUAGE_STANDARD = "gnu++14";
				CLANG_CXX_LIBRARY = "libc++";
				CLANG_ENABLE_MODULES = YES;
				CLANG_ENABLE_OBJC_ARC = YES;
				CLANG_ENABLE_OBJC_WEAK = YES;
				CLANG_WARN_BLOCK_CAPTURE_AUTORELEASING = YES;
				CLANG_WARN_BOOL_CONVERSION = YES;
				CLANG_WARN_COMMA = YES;
				CLANG_WARN_CONSTANT_CONVERSION = YES;
				CLANG_WARN_DEPRECATED_OBJC_IMPLEMENTATIONS = YES;
				CLANG_WARN_DIRECT_OBJC_ISA_USAGE = YES_ERROR;
				CLANG_WARN_DOCUMENTATION_COMMENTS = YES;
				CLANG_WARN_EMPTY_BODY = YES;
				CLANG_WARN_ENUM_CONVERSION = YES;
				CLANG_WARN_INFINITE_RECURSION = YES;
				CLANG_WARN_INT_CONVERSION = YES;
				CLANG_WARN_NON_LITERAL_NULL_CONVERSION = YES;
				CLANG_WARN_OBJC_IMPLICIT_RETAIN_SELF = YES;
				CLANG_WARN_OBJC_LITERAL_CONVERSION = YES;
				CLANG_WARN_OBJC_ROOT_CLASS = YES_ERROR;
				CLANG_WARN_RANGE_LOOP_ANALYSIS = YES;
				CLANG_WARN_STRICT_PROTOTYPES = YES;
				CLANG_WARN_SUSPICIOUS_MOVE = YES;
				CLANG_WARN_UNGUARDED_AVAILABILITY = YES_AGGRESSIVE;
				CLANG_WARN_UNREACHABLE_CODE = YES;
				CLANG_WARN__DUPLICATE_METHOD_MATCH = YES;
				COPY_PHASE_STRIP = NO;
				DEBUG_INFORMATION_FORMAT = dwarf;
				ENABLE_STRICT_OBJC_MSGSEND = YES;
				ENABLE_TESTABILITY = YES;
				GCC_C_LANGUAGE_STANDARD = gnu11;
				GCC_DYNAMIC_NO_PIC = NO;
				GCC_NO_COMMON_BLOCKS = YES;
				GCC_OPTIMIZATION_LEVEL = 0;
				GCC_PREPROCESSOR_DEFINITIONS = (
					"DEBUG=1",
					"$(inherited)",
				);
				GCC_WARN_64_TO_32_BIT_CONVERSION = YES;
				GCC_WARN_ABOUT_RETURN_TYPE = YES_ERROR;
				GCC_WARN_UNDECLARED_SELECTOR = YES;
				GCC_WARN_UNINITIALIZED_AUTOS = YES_AGGRESSIVE;
				GCC_WARN_UNUSED_FUNCTION = YES;
				GCC_WARN_UNUSED_VARIABLE = YES;
				MACOSX_DEPLOYMENT_TARGET = 10.15;
				MTL_ENABLE_DEBUG_INFO = INCLUDE_SOURCE;
				MTL_FAST_MATH = YES;
				ONLY_ACTIVE_ARCH = YES;
				SDKROOT = macosx;
				SWIFT_ACTIVE_COMPILATION_CONDITIONS = DEBUG;
				SWIFT_OPTIMIZATION_LEVEL = "-Onone";
			};
			name = Debug;
		};
		8E007B3C23F4B2E800D6DC2A /* Release */ = {
			isa = XCBuildConfiguration;
			buildSettings = {
				ALWAYS_SEARCH_USER_PATHS = NO;
				CLANG_ANALYZER_NONNULL = YES;
				CLANG_ANALYZER_NUMBER_OBJECT_CONVERSION = YES_AGGRESSIVE;
				CLANG_CXX_LANGUAGE_STANDARD = "gnu++14";
				CLANG_CXX_LIBRARY = "libc++";
				CLANG_ENABLE_MODULES = YES;
				CLANG_ENABLE_OBJC_ARC = YES;
				CLANG_ENABLE_OBJC_WEAK = YES;
				CLANG_WARN_BLOCK_CAPTURE_AUTORELEASING = YES;
				CLANG_WARN_BOOL_CONVERSION = YES;
				CLANG_WARN_COMMA = YES;
				CLANG_WARN_CONSTANT_CONVERSION = YES;
				CLANG_WARN_DEPRECATED_OBJC_IMPLEMENTATIONS = YES;
				CLANG_WARN_DIRECT_OBJC_ISA_USAGE = YES_ERROR;
				CLANG_WARN_DOCUMENTATION_COMMENTS = YES;
				CLANG_WARN_EMPTY_BODY = YES;
				CLANG_WARN_ENUM_CONVERSION = YES;
				CLANG_WARN_INFINITE_RECURSION = YES;
				CLANG_WARN_INT_CONVERSION = YES;
				CLANG_WARN_NON_LITERAL_NULL_CONVERSION = YES;
				CLANG_WARN_OBJC_IMPLICIT_RETAIN_SELF = YES;
				CLANG_WARN_OBJC_LITERAL_CONVERSION = YES;
				CLANG_WARN_OBJC_ROOT_CLASS = YES_ERROR;
				CLANG_WARN_RANGE_LOOP_ANALYSIS = YES;
				CLANG_WARN_STRICT_PROTOTYPES = YES;
				CLANG_WARN_SUSPICIOUS_MOVE = YES;
				CLANG_WARN_UNGUARDED_AVAILABILITY = YES_AGGRESSIVE;
				CLANG_WARN_UNREACHABLE_CODE = YES;
				CLANG_WARN__DUPLICATE_METHOD_MATCH = YES;
				COPY_PHASE_STRIP = NO;
				DEBUG_INFORMATION_FORMAT = "dwarf-with-dsym";
				ENABLE_NS_ASSERTIONS = NO;
				ENABLE_STRICT_OBJC_MSGSEND = YES;
				GCC_C_LANGUAGE_STANDARD = gnu11;
				GCC_NO_COMMON_BLOCKS = YES;
				GCC_WARN_64_TO_32_BIT_CONVERSION = YES;
				GCC_WARN_ABOUT_RETURN_TYPE = YES_ERROR;
				GCC_WARN_UNDECLARED_SELECTOR = YES;
				GCC_WARN_UNINITIALIZED_AUTOS = YES_AGGRESSIVE;
				GCC_WARN_UNUSED_FUNCTION = YES;
				GCC_WARN_UNUSED_VARIABLE = YES;
				MACOSX_DEPLOYMENT_TARGET = 10.15;
				MTL_ENABLE_DEBUG_INFO = NO;
				MTL_FAST_MATH = YES;
				SDKROOT = macosx;
				SWIFT_COMPILATION_MODE = wholemodule;
				SWIFT_OPTIMIZATION_LEVEL = "-O";
			};
			name = Release;
		};
		8E007B3E23F4B2E800D6DC2A /* Debug */ = {
			isa = XCBuildConfiguration;
			buildSettings = {
				CODE_SIGN_STYLE = Automatic;
				PRODUCT_NAME = "$(TARGET_NAME)";
				SWIFT_VERSION = 5.0;
			};
			name = Debug;
		};
		8E007B3F23F4B2E800D6DC2A /* Release */ = {
			isa = XCBuildConfiguration;
			buildSettings = {
				CODE_SIGN_STYLE = Automatic;
				PRODUCT_NAME = "$(TARGET_NAME)";
				SWIFT_VERSION = 5.0;
			};
			name = Release;
		};
/* End XCBuildConfiguration section */

/* Begin XCConfigurationList section */
		8E007B3123F4B2E800D6DC2A /* Build configuration list for PBXProject "Group4_MAD3004_FinalProject" */ = {
			isa = XCConfigurationList;
			buildConfigurations = (
				8E007B3B23F4B2E800D6DC2A /* Debug */,
				8E007B3C23F4B2E800D6DC2A /* Release */,
			);
			defaultConfigurationIsVisible = 0;
			defaultConfigurationName = Release;
		};
		8E007B3D23F4B2E800D6DC2A /* Build configuration list for PBXNativeTarget "Group4_MAD3004_FinalProject" */ = {
			isa = XCConfigurationList;
			buildConfigurations = (
				8E007B3E23F4B2E800D6DC2A /* Debug */,
				8E007B3F23F4B2E800D6DC2A /* Release */,
			);
			defaultConfigurationIsVisible = 0;
			defaultConfigurationName = Release;
		};
/* End XCConfigurationList section */
	};
	rootObject = 8E007B2E23F4B2E800D6DC2A /* Project object */;
}
